
Microsoft Visual Studio Solution File, Format Version 10.00
# Visual C# Express 2008
Project("{FAE04EC0-301F-11D3-BF4B-00C04F79EFBC}") = "DmScreenSharp", "DmScreenSharp\DmScreenSharp.csproj", "{A5F581F2-B62C-42B8-B2F8-307309010EBF}"
EndProject
Global
	GlobalSection(SolutionConfigurationPlatforms) = preSolution
		Debug|Any CPU = Debug|Any CPU
		Release|Any CPU = Release|Any CPU
	EndGlobalSection
	GlobalSection(ProjectConfigurationPlatforms) = postSolution
		{A5F581F2-B62C-42B8-B2F8-307309010EBF}.Debug|Any CPU.ActiveCfg = Debug|Any CPU
		{A5F581F2-B62C-42B8-B2F8-307309010EBF}.Debug|Any CPU.Build.0 = Debug|Any CPU
		{A5F581F2-B62C-42B8-B2F8-307309010EBF}.Release|Any CPU.ActiveCfg = Release|Any CPU
		{A5F581F2-B62C-42B8-B2F8-307309010EBF}.Release|Any CPU.Build.0 = Release|Any CPU
	EndGlobalSection
	GlobalSection(SolutionProperties) = preSolution
		HideSolutionNode = FALSE
	EndGlobalSection
EndGlobal
